{
  "version": 2,
  "dependencies": {
    "net10.0-windows10.0.19041": {
      "Google.GenAI": {
        "type": "Direct",
        "requested": "[1.17.0, )",
        "resolved": "1.17.0",
        "contentHash": "DU7eoRe5zAXVKNTPYXyC6pyhHdyQlcExawv/iGD/lSU3h8BfVNKcFxlST7Ca8bkykdQNKDtDn/BJfF/mJsu3qA==",
        "dependencies": {
          "Google.Apis.Auth": "1.69.0",
          "Microsoft.Extensions.AI.Abstractions": "10.6.0",
          "MimeTypes": "2.5.2"
        }
      },
      "Microsoft.Data.Sqlite": {
        "type": "Direct",
        "requested": "[10.0.11, )",
        "resolved": "10.0.11",
        "contentHash": "7je7UELzm131GiLYc4PpZvfKXIgIyzPM+v+tjcd/nbnuWRfgcONYKzDTqJlURxwVCFsVnlpmq6y6yn4qvR8QXQ==",
        "dependencies": {
          "Microsoft.Data.Sqlite.Core": "10.0.11",
          "SQLitePCLRaw.bundle_e_sqlite3": "2.1.12",
          "SQLitePCLRaw.core": "2.1.12"
        }
      },
      "NAudio": {
        "type": "Direct",
        "requested": "[3.0.0, )",
        "resolved": "3.0.0",
        "contentHash": "ZPB4QJyVpMXOBpzwASEjiqVKbtTM+81eex7VMNOP31P0f3kqNhJL3v/C7DooVcta5PkSxtx4NH8l/UGUKawW1g==",
        "dependencies": {
          "NAudio.Asio": "3.0.0",
          "NAudio.Core": "3.0.0",
          "NAudio.Dmo": "3.0.0",
          "NAudio.Midi": "3.0.0",
          "NAudio.Wasapi": "3.0.0",
          "NAudio.WinForms": "3.0.0",
          "NAudio.WinMM": "3.0.0"
        }
      },
      "Google.Apis": {
        "type": "Transitive",
        "resolved": "1.69.0",
        "contentHash": "1TfjsXFejwIf7iWaE7A0FbnOEsk8FPlbdFAt1r+I8aSMQfLLdSVWCLdZz6TzuWVwoCGEuJUHTZ/FXdptdU3qWw==",
        "dependencies": {
          "Google.Apis.Core": "1.69.0"
        }
      },
      "Google.Apis.Auth": {
        "type": "Transitive",
        "resolved": "1.69.0",
        "contentHash": "ar07yxn/s41jdqQ3sMh8EAehiSvXQ9yE1MS4McmZINeSWvolnLHmIZ9Yxj4tHVIYYz0c7H/lpToVqm7C2aYx9g==",
        "dependencies": {
          "Google.Apis": "1.69.0",
          "Google.Apis.Core": "1.69.0",
          "System.Management": "7.0.2"
        }
      },
      "Google.Apis.Core": {
        "type": "Transitive",
        "resolved": "1.69.0",
        "contentHash": "SXUcurNUPxYMtOnawvB2Av18VrPBC9W7So9q9ikmXIXLGiv4RX7Zbu4kc+8PbwTdd8wLt54r0PBGOT5RaKoTjQ==",
        "dependencies": {
          "Newtonsoft.Json": "13.0.3"
        }
      },
      "Microsoft.Data.Sqlite.Core": {
        "type": "Transitive",
        "resolved": "10.0.11",
        "contentHash": "hubA20AGenQ4Sx0ElWaPpB8DISjXpdx463+1zOGRslsT0e/t/06ITv+pHsop8CcJ0d8PZLfgnT7juCDVD79Dkw==",
        "dependencies": {
          "SQLitePCLRaw.core": "2.1.12"
        }
      },
      "Microsoft.Extensions.AI.Abstractions": {
        "type": "Transitive",
        "resolved": "10.6.0",
        "contentHash": "JCkVoyqBqi9r3Vs5Qo5PfZobT0+CWeOx+9y9yggBxtW9s/X5CAoa7Iw/tP/rfUdz+nxRKMSBmrytYgwmu60lgA=="
      },
      "MimeTypes": {
        "type": "Transitive",
        "resolved": "2.5.2",
        "contentHash": "vm4xrNt+i6OVRQ8vhfCcmDIUg3qvjyCTkSTNVTDFohsG6CXEpMaVFkidECL6yRYpHDnz4TqXhDoEQAcnHCu/tw=="
      },
      "NAudio.Asio": {
        "type": "Transitive",
        "resolved": "3.0.0",
        "contentHash": "JUdHfdJk7+xIuzBfcvE7gnAEBNbXDui0Ay7Zy4vt29UPP3319bkLYRoIR5W+bRFDn8aVdHnPMYDJANRAHx2AMg==",
        "dependencies": {
          "NAudio.Core": "3.0.0"
        }
      },
      "NAudio.Core": {
        "type": "Transitive",
        "resolved": "3.0.0",
        "contentHash": "uEX5xkjbUQ3w8XVuqcX1iMRr0avhOdn2WFiPL2X/kF72anSJSgdLhpkxCxr6N1hQr+hWx1L5lNJJeg0sh6xBiw==",
        "dependencies": {
          "System.Numerics.Tensors": "9.0.0"
        }
      },
      "NAudio.Dmo": {
        "type": "Transitive",
        "resolved": "3.0.0",
        "contentHash": "4HfNHTcxe/2wIqFsgfUAHUQk3Gm7jIUap47nwP3Ro1dFh2QRWhroxDV3O4+oeHpqOuK5eFszbrxjo5yayS8W5w==",
        "dependencies": {
          "NAudio.Core": "3.0.0"
        }
      },
      "NAudio.Midi": {
        "type": "Transitive",
        "resolved": "3.0.0",
        "contentHash": "h3VjMTBoBAOw63W7mMrv1kHdRQZkuayTpYrUsusUolORkmgfFiMg8eM4VHwgMBcOgm14997B/r7EojavMBu6CQ==",
        "dependencies": {
          "NAudio.Core": "3.0.0"
        }
      },
      "NAudio.Wasapi": {
        "type": "Transitive",
        "resolved": "3.0.0",
        "contentHash": "bYkBTvc9U0gCfi1p0hyNnoYeE2w2qH7U58zb9LecMhboTarw4xOKLnEfHV9XaSrnFS28SC1iG2z/lJuBMRpK/A==",
        "dependencies": {
          "NAudio.Core": "3.0.0"
        }
      },
      "NAudio.WinForms": {
        "type": "Transitive",
        "resolved": "3.0.0",
        "contentHash": "JhDTk3vW2LZY0qE7eF779rmMp2sWcsAoQCo712MorNRroRfafG6xtU/BBDSaThE31XIaQxfTB7FA3lWwd+AyDQ==",
        "dependencies": {
          "NAudio.WinMM": "3.0.0"
        }
      },
      "NAudio.WinMM": {
        "type": "Transitive",
        "resolved": "3.0.0",
        "contentHash": "RfBlBk0KPNQx3OUcZtxbqhaz0sKMVTcntBtIHZYfePMA7CjawePHR4xpH+lKoVnWxppPxoAk0Bf8k1fE30RuAQ==",
        "dependencies": {
          "NAudio.Core": "3.0.0",
          "NAudio.Midi": "3.0.0"
        }
      },
      "Newtonsoft.Json": {
        "type": "Transitive",
        "resolved": "13.0.3",
        "contentHash": "HrC5BXdl00IP9zeV+0Z848QWPAoCr9P3bDEZguI+gkLcBKAOxix/tLEAAHC+UvDNPv4a2d18lOReHMOagPa+zQ=="
      },
      "SQLitePCLRaw.bundle_e_sqlite3": {
        "type": "Transitive",
        "resolved": "2.1.12",
        "contentHash": "mAgscpQMLw5/nfA1Q5oJVAT29yROUo1ifZGbbTpx/lwZpSxMUGoYbKfmvdm8oXER+RzxqBmmQzeBEVKfeHv2nw==",
        "dependencies": {
          "SQLitePCLRaw.lib.e_sqlite3": "2.1.12",
          "SQLitePCLRaw.provider.e_sqlite3": "2.1.12"
        }
      },
      "SQLitePCLRaw.core": {
        "type": "Transitive",
        "resolved": "2.1.12",
        "contentHash": "ETpNw9DY3ckWLgRRAeCHj+GKOuPi61aeczkXhgHexUvqoZBAYg8RYESE2J7O1M7+o6QbdSEZwrw9bfqztUVWXg=="
      },
      "SQLitePCLRaw.lib.e_sqlite3": {
        "type": "Transitive",
        "resolved": "2.1.12",
        "contentHash": "fWi8Dbknuhgg72fWinIdjXVaqO1hHL4YBBwVLnr7e1c9TAZwJ0QE38j9syW1hwx6HaqEVTwI+O07WPdZn8Rp0w=="
      },
      "SQLitePCLRaw.provider.e_sqlite3": {
        "type": "Transitive",
        "resolved": "2.1.12",
        "contentHash": "W3oH4XIfCzFrgUSDKHhN6N+dgzA5YHOR2VxX8GB6Qy7CyrJJgxPEG8NirgYWlPQC5P2jz2knSsexWu4tDUL33g==",
        "dependencies": {
          "SQLitePCLRaw.core": "2.1.12"
        }
      },
      "System.CodeDom": {
        "type": "Transitive",
        "resolved": "7.0.0",
        "contentHash": "GLltyqEsE5/3IE+zYRP5sNa1l44qKl9v+bfdMcwg+M9qnQf47wK3H0SUR/T+3N4JEQXF3vV4CSuuo0rsg+nq2A=="
      },
      "System.Management": {
        "type": "Transitive",
        "resolved": "7.0.2",
        "contentHash": "/qEUN91mP/MUQmJnM5y5BdT7ZoPuVrtxnFlbJ8a3kBJGhe2wCzBfnPFtK2wTtEEcf3DMGR9J00GZZfg6HRI6yA==",
        "dependencies": {
          "System.CodeDom": "7.0.0"
        }
      },
      "System.Numerics.Tensors": {
        "type": "Transitive",
        "resolved": "9.0.0",
        "contentHash": "hyJB4UlpAi19Xr9AXzu2NuagKC4lPfHObNMEAA0HmqFz2rX7wKgzeYzO/jM/eBHDhnUGFFEjk5cOoJaxqg5J4A=="
      }
    },
    "net10.0-windows10.0.19041/win-x64": {
      "SQLitePCLRaw.lib.e_sqlite3": {
        "type": "Transitive",
        "resolved": "2.1.12",
        "contentHash": "fWi8Dbknuhgg72fWinIdjXVaqO1hHL4YBBwVLnr7e1c9TAZwJ0QE38j9syW1hwx6HaqEVTwI+O07WPdZn8Rp0w=="
      },
      "System.Management": {
        "type": "Transitive",
        "resolved": "7.0.2",
        "contentHash": "/qEUN91mP/MUQmJnM5y5BdT7ZoPuVrtxnFlbJ8a3kBJGhe2wCzBfnPFtK2wTtEEcf3DMGR9J00GZZfg6HRI6yA==",
        "dependencies": {
          "System.CodeDom": "7.0.0"
        }
      }
    }
  }
}